
Microsoft Visual Studio Solution File, Format Version 11.00
# Visual Studio 2010
Project("{FAE04EC0-301F-11D3-BF4B-00C04F79EFBC}") = "flash实现头像上传的两种方式", "flash实现头像上传的两种方式\flash实现头像上传的两种方式.csproj", "{5DA6E59E-26F5-4738-8207-A08A3717DCDC}"
EndProject
Global
	GlobalSection(SolutionConfigurationPlatforms) = preSolution
		Debug|Any CPU = Debug|Any CPU
		Release|Any CPU = Release|Any CPU
	EndGlobalSection
	GlobalSection(ProjectConfigurationPlatforms) = postSolution
		{5DA6E59E-26F5-4738-8207-A08A3717DCDC}.Debug|Any CPU.ActiveCfg = Debug|Any CPU
		{5DA6E59E-26F5-4738-8207-A08A3717DCDC}.Debug|Any CPU.Build.0 = Debug|Any CPU
		{5DA6E59E-26F5-4738-8207-A08A3717DCDC}.Release|Any CPU.ActiveCfg = Release|Any CPU
		{5DA6E59E-26F5-4738-8207-A08A3717DCDC}.Release|Any CPU.Build.0 = Release|Any CPU
	EndGlobalSection
	GlobalSection(SolutionProperties) = preSolution
		HideSolutionNode = FALSE
	EndGlobalSection
EndGlobal
